
Microsoft Visual Studio Solution File, Format Version 12.00
# Visual Studio Version 17
VisualStudioVersion = 17.8.34525.116
MinimumVisualStudioVersion = 10.0.40219.1
Project("{FAE04EC0-301F-11D3-BF4B-00C04F79EFBC}") = "NewTalents", "NewTalents.csproj", "{D95F73E0-F6D3-4B9B-8535-4873F014EB45}"
EndProject
Project("{FAE04EC0-301F-11D3-BF4B-00C04F79EFBC}") = "TestNewTalents", "..\TestNewTalents\TestNewTalents.csproj", "{641F1AE1-44B3-48BA-9FE3-AF62B59734D5}"
EndProject
Global
	GlobalSection(SolutionConfigurationPlatforms) = preSolution
		Debug|Any CPU = Debug|Any CPU
		Release|Any CPU = Release|Any CPU
	EndGlobalSection
	GlobalSection(ProjectConfigurationPlatforms) = postSolution
		{D95F73E0-F6D3-4B9B-8535-4873F014EB45}.Debug|Any CPU.ActiveCfg = Debug|Any CPU
		{D95F73E0-F6D3-4B9B-8535-4873F014EB45}.Debug|Any CPU.Build.0 = Debug|Any CPU
		{D95F73E0-F6D3-4B9B-8535-4873F014EB45}.Release|Any CPU.ActiveCfg = Release|Any CPU
		{D95F73E0-F6D3-4B9B-8535-4873F014EB45}.Release|Any CPU.Build.0 = Release|Any CPU
		{641F1AE1-44B3-48BA-9FE3-AF62B59734D5}.Debug|Any CPU.ActiveCfg = Debug|Any CPU
		{641F1AE1-44B3-48BA-9FE3-AF62B59734D5}.Debug|Any CPU.Build.0 = Debug|Any CPU
		{641F1AE1-44B3-48BA-9FE3-AF62B59734D5}.Release|Any CPU.ActiveCfg = Release|Any CPU
		{641F1AE1-44B3-48BA-9FE3-AF62B59734D5}.Release|Any CPU.Build.0 = Release|Any CPU
	EndGlobalSection
	GlobalSection(SolutionProperties) = preSolution
		HideSolutionNode = FALSE
	EndGlobalSection
	GlobalSection(ExtensibilityGlobals) = postSolution
		SolutionGuid = {7F8FCABF-AE3D-4143-985C-232957FF9926}
	EndGlobalSection
EndGlobal
